
Microsoft Visual Studio Solution File, Format Version 12.00
# Visual Studio Version 17
VisualStudioVersion = 17.4.33213.308
MinimumVisualStudioVersion = 10.0.40219.1
Project("{9A19103F-16F7-4668-BE54-9A1E7A4F7556}") = "Shopping.Client", "Shopping.Client\Shopping.Client.csproj", "{26299D97-32B6-4071-BDA0-B25BF06154CB}"
EndProject
Project("{9A19103F-16F7-4668-BE54-9A1E7A4F7556}") = "Shopping.API", "Shopping.API\Shopping.API.csproj", "{04C925F7-8055-45FD-957D-3124709B6CA8}"
EndProject
Project("{E53339B2-1760-4266-BCC7-CA923CBCF16C}") = "docker-compose", "docker-compose.dcproj", "{87CA0243-8848-42FB-BFA6-675845DDF737}"
EndProject
Global
	GlobalSection(SolutionConfigurationPlatforms) = preSolution
		Debug|Any CPU = Debug|Any CPU
		Release|Any CPU = Release|Any CPU
	EndGlobalSection
	GlobalSection(ProjectConfigurationPlatforms) = postSolution
		{26299D97-32B6-4071-BDA0-B25BF06154CB}.Debug|Any CPU.ActiveCfg = Debug|Any CPU
		{26299D97-32B6-4071-BDA0-B25BF06154CB}.Debug|Any CPU.Build.0 = Debug|Any CPU
		{26299D97-32B6-4071-BDA0-B25BF06154CB}.Release|Any CPU.ActiveCfg = Release|Any CPU
		{26299D97-32B6-4071-BDA0-B25BF06154CB}.Release|Any CPU.Build.0 = Release|Any CPU
		{04C925F7-8055-45FD-957D-3124709B6CA8}.Debug|Any CPU.ActiveCfg = Debug|Any CPU
		{04C925F7-8055-45FD-957D-3124709B6CA8}.Debug|Any CPU.Build.0 = Debug|Any CPU
		{04C925F7-8055-45FD-957D-3124709B6CA8}.Release|Any CPU.ActiveCfg = Release|Any CPU
		{04C925F7-8055-45FD-957D-3124709B6CA8}.Release|Any CPU.Build.0 = Release|Any CPU
		{87CA0243-8848-42FB-BFA6-675845DDF737}.Debug|Any CPU.ActiveCfg = Debug|Any CPU
		{87CA0243-8848-42FB-BFA6-675845DDF737}.Debug|Any CPU.Build.0 = Debug|Any CPU
		{87CA0243-8848-42FB-BFA6-675845DDF737}.Release|Any CPU.ActiveCfg = Release|Any CPU
		{87CA0243-8848-42FB-BFA6-675845DDF737}.Release|Any CPU.Build.0 = Release|Any CPU
	EndGlobalSection
	GlobalSection(SolutionProperties) = preSolution
		HideSolutionNode = FALSE
	EndGlobalSection
	GlobalSection(ExtensibilityGlobals) = postSolution
		SolutionGuid = {4D46DDD0-B495-44E1-ACF9-D944598B7DA9}
	EndGlobalSection
EndGlobal
